
Microsoft Visual Studio Solution File, Format Version 12.00
# Visual Studio Version 16
VisualStudioVersion = 16.0.30804.86
MinimumVisualStudioVersion = 10.0.40219.1
Project("{9A19103F-16F7-4668-BE54-9A1E7A4F7556}") = "BlazorApp1", "BlazorApp1\BlazorApp1.csproj", "{978748E8-8410-4A41-8C36-86D55228F715}"
EndProject
Project("{00D1A9C2-B5F0-4AF3-8072-F6C62B433612}") = "Database1", "Database1\Database1.sqlproj", "{04770E80-D1CD-44D6-A5AE-D6B3774E3249}"
EndProject
Global
	GlobalSection(SolutionConfigurationPlatforms) = preSolution
		Debug|Any CPU = Debug|Any CPU
		Release|Any CPU = Release|Any CPU
	EndGlobalSection
	GlobalSection(ProjectConfigurationPlatforms) = postSolution
		{978748E8-8410-4A41-8C36-86D55228F715}.Debug|Any CPU.ActiveCfg = Debug|Any CPU
		{978748E8-8410-4A41-8C36-86D55228F715}.Debug|Any CPU.Build.0 = Debug|Any CPU
		{978748E8-8410-4A41-8C36-86D55228F715}.Release|Any CPU.ActiveCfg = Release|Any CPU
		{978748E8-8410-4A41-8C36-86D55228F715}.Release|Any CPU.Build.0 = Release|Any CPU
		{04770E80-D1CD-44D6-A5AE-D6B3774E3249}.Debug|Any CPU.ActiveCfg = Debug|Any CPU
		{04770E80-D1CD-44D6-A5AE-D6B3774E3249}.Debug|Any CPU.Build.0 = Debug|Any CPU
		{04770E80-D1CD-44D6-A5AE-D6B3774E3249}.Debug|Any CPU.Deploy.0 = Debug|Any CPU
		{04770E80-D1CD-44D6-A5AE-D6B3774E3249}.Release|Any CPU.ActiveCfg = Release|Any CPU
		{04770E80-D1CD-44D6-A5AE-D6B3774E3249}.Release|Any CPU.Build.0 = Release|Any CPU
		{04770E80-D1CD-44D6-A5AE-D6B3774E3249}.Release|Any CPU.Deploy.0 = Release|Any CPU
	EndGlobalSection
	GlobalSection(SolutionProperties) = preSolution
		HideSolutionNode = FALSE
	EndGlobalSection
	GlobalSection(ExtensibilityGlobals) = postSolution
		SolutionGuid = {EBBC18EA-18C2-45D8-BB6D-26912DBAC897}
	EndGlobalSection
EndGlobal
